PODS:
  - Sourcery (0.17.0)
  - SwiftTypedRouter (0.1.0)

DEPENDENCIES:
  - Sourcery (= 0.17.0)
  - SwiftTypedRouter (from `../`)

SPEC REPOS:
  trunk:
    - Sourcery

EXTERNAL SOURCES:
  SwiftTypedRouter:
    :path: "../"

SPEC CHECKSUMS:
  Sourcery: 3ed61be7c8a1218fce349266139379dba477efe0
  SwiftTypedRouter: 85b43debd738a5d6018db7dd7b95b6fd1b1195c7

PODFILE CHECKSUM: 68a1d1f3f95b446146113d213d4ec1d558ab97ac

COCOAPODS: 1.8.4
